# This file is automatically @generated by Cargo.
# It is not intended for manual editing.
version = 3

[[package]]
name = "companion-for-processbot-local"
version = "0.1.0"
dependencies = [
 "main-for-processbot-local",
]

[[package]]
name = "main-for-processbot-local"
version = "0.1.0"
source = "git+https://github.com/mak-parity-org2/main-for-processbot-local?branch=master#c3ad6162ccbf5476f1eff1a8d953c2e1be17fbc2"
